// !$*UTF8*$!
{
	archiveVersion = 1;
	classes = {
	};
	objectVersion = 50;
	objects = {

/* Begin PBXBuildFile section */
		A7288324222578F4008E844F /* HexagramSequences.swift in Sources */ = {isa = PBXBuildFile; fileRef = A7288323222578F4008E844F /* HexagramSequences.swift */; };
		A7A538122225443900E5FE6E /* Sequences.swift in Sources */ = {isa = PBXBuildFile; fileRef = A7A538112225443900E5FE6E /* Sequences.swift */; };
		A7C146B4222038D900C0A37F /* ValueSequencer.swift in Sources */ = {isa = PBXBuildFile; fileRef = A7C146B3222038D800C0A37F /* ValueSequencer.swift */; };
		A7C146B6222046F800C0A37F /* LineValueSequencer.swift in Sources */ = {isa = PBXBuildFile; fileRef = A7C146B5222046F800C0A37F /* LineValueSequencer.swift */; };
		A7C146B822204C1600C0A37F /* BitValueSequencer.swift in Sources */ = {isa = PBXBuildFile; fileRef = A7C146B722204C1600C0A37F /* BitValueSequencer.swift */; };
		A7C81C8122251E0900915D22 /* HexagramValueSequencer.swift in Sources */ = {isa = PBXBuildFile; fileRef = A7C81C7F22251E0900915D22 /* HexagramValueSequencer.swift */; };
		A7C81C8222251E0900915D22 /* TrigramValueSequencer.swift in Sources */ = {isa = PBXBuildFile; fileRef = A7C81C8022251E0900915D22 /* TrigramValueSequencer.swift */; };
		A7D3DD91221E7FBA0098D706 /* main.swift in Sources */ = {isa = PBXBuildFile; fileRef = A7D3DD90221E7FBA0098D706 /* main.swift */; };
/* End PBXBuildFile section */

/* Begin PBXCopyFilesBuildPhase section */
		A7D3DD8B221E7FBA0098D706 /* CopyFiles */ = {
			isa = PBXCopyFilesBuildPhase;
			buildActionMask = 2147483647;
			dstPath = /usr/share/man/man1/;
			dstSubfolderSpec = 0;
			files = (
			);
			runOnlyForDeploymentPostprocessing = 1;
		};
/* End PBXCopyFilesBuildPhase section */

/* Begin PBXFileReference section */
		A7288323222578F4008E844F /* HexagramSequences.swift */ = {isa = PBXFileReference; fileEncoding = 4; lastKnownFileType = sourcecode.swift; path = HexagramSequences.swift; sourceTree = "<group>"; };
		A7A538112225443900E5FE6E /* Sequences.swift */ = {isa = PBXFileReference; fileEncoding = 4; lastKnownFileType = sourcecode.swift; path = Sequences.swift; sourceTree = "<group>"; };
		A7C146B3222038D800C0A37F /* ValueSequencer.swift */ = {isa = PBXFileReference; fileEncoding = 4; lastKnownFileType = sourcecode.swift; path = ValueSequencer.swift; sourceTree = "<group>"; };
		A7C146B5222046F800C0A37F /* LineValueSequencer.swift */ = {isa = PBXFileReference; fileEncoding = 4; lastKnownFileType = sourcecode.swift; path = LineValueSequencer.swift; sourceTree = "<group>"; };
		A7C146B722204C1600C0A37F /* BitValueSequencer.swift */ = {isa = PBXFileReference; fileEncoding = 4; lastKnownFileType = sourcecode.swift; path = BitValueSequencer.swift; sourceTree = "<group>"; };
		A7C81C7F22251E0900915D22 /* HexagramValueSequencer.swift */ = {isa = PBXFileReference; fileEncoding = 4; lastKnownFileType = sourcecode.swift; path = HexagramValueSequencer.swift; sourceTree = "<group>"; };
		A7C81C8022251E0900915D22 /* TrigramValueSequencer.swift */ = {isa = PBXFileReference; fileEncoding = 4; lastKnownFileType = sourcecode.swift; path = TrigramValueSequencer.swift; sourceTree = "<group>"; };
		A7D3DD8D221E7FBA0098D706 /* Swift1 */ = {isa = PBXFileReference; explicitFileType = "compiled.mach-o.executable"; includeInIndex = 0; path = Swift1; sourceTree = BUILT_PRODUCTS_DIR; };
		A7D3DD90221E7FBA0098D706 /* main.swift */ = {isa = PBXFileReference; lastKnownFileType = sourcecode.swift; path = main.swift; sourceTree = "<group>"; };
/* End PBXFileReference section */

/* Begin PBXFrameworksBuildPhase section */
		A7D3DD8A221E7FBA0098D706 /* Frameworks */ = {
			isa = PBXFrameworksBuildPhase;
			buildActionMask = 2147483647;
			files = (
			);
			runOnlyForDeploymentPostprocessing = 0;
		};
/* End PBXFrameworksBuildPhase section */

/* Begin PBXGroup section */
		A7D3DD84221E7FBA0098D706 = {
			isa = PBXGroup;
			children = (
				A7D3DD8F221E7FBA0098D706 /* Swift1 */,
				A7D3DD8E221E7FBA0098D706 /* Products */,
			);
			sourceTree = "<group>";
		};
		A7D3DD8E221E7FBA0098D706 /* Products */ = {
			isa = PBXGroup;
			children = (
				A7D3DD8D221E7FBA0098D706 /* Swift1 */,
			);
			name = Products;
			sourceTree = "<group>";
		};
		A7D3DD8F221E7FBA0098D706 /* Swift1 */ = {
			isa = PBXGroup;
			children = (
				A7288323222578F4008E844F /* HexagramSequences.swift */,
				A7A538112225443900E5FE6E /* Sequences.swift */,
				A7C81C7F22251E0900915D22 /* HexagramValueSequencer.swift */,
				A7C81C8022251E0900915D22 /* TrigramValueSequencer.swift */,
				A7C146B722204C1600C0A37F /* BitValueSequencer.swift */,
				A7C146B5222046F800C0A37F /* LineValueSequencer.swift */,
				A7C146B3222038D800C0A37F /* ValueSequencer.swift */,
				A7D3DD90221E7FBA0098D706 /* main.swift */,
			);
			path = Swift1;
			sourceTree = "<group>";
		};
/* End PBXGroup section */

/* Begin PBXNativeTarget section */
		A7D3DD8C221E7FBA0098D706 /* Swift1 */ = {
			isa = PBXNativeTarget;
			buildConfigurationList = A7D3DD94221E7FBA0098D706 /* Build configuration list for PBXNativeTarget "Swift1" */;
			buildPhases = (
				A7D3DD89221E7FBA0098D706 /* Sources */,
				A7D3DD8A221E7FBA0098D706 /* Frameworks */,
				A7D3DD8B221E7FBA0098D706 /* CopyFiles */,
			);
			buildRules = (
			);
			dependencies = (
			);
			name = Swift1;
			productName = Swift1;
			productReference = A7D3DD8D221E7FBA0098D706 /* Swift1 */;
			productType = "com.apple.product-type.tool";
		};
/* End PBXNativeTarget section */

/* Begin PBXProject section */
		A7D3DD85221E7FBA0098D706 /* Project object */ = {
			isa = PBXProject;
			attributes = {
				LastSwiftUpdateCheck = 1010;
				LastUpgradeCheck = 1010;
				ORGANIZATIONNAME = "Stephen Vivash";
				TargetAttributes = {
					A7D3DD8C221E7FBA0098D706 = {
						CreatedOnToolsVersion = 10.1;
					};
				};
			};
			buildConfigurationList = A7D3DD88221E7FBA0098D706 /* Build configuration list for PBXProject "Swift1" */;
			compatibilityVersion = "Xcode 9.3";
			developmentRegion = en;
			hasScannedForEncodings = 0;
			knownRegions = (
				en,
			);
			mainGroup = A7D3DD84221E7FBA0098D706;
			productRefGroup = A7D3DD8E221E7FBA0098D706 /* Products */;
			projectDirPath = "";
			projectRoot = "";
			targets = (
				A7D3DD8C221E7FBA0098D706 /* Swift1 */,
			);
		};
/* End PBXProject section */

/* Begin PBXSourcesBuildPhase section */
		A7D3DD89221E7FBA0098D706 /* Sources */ = {
			isa = PBXSourcesBuildPhase;
			buildActionMask = 2147483647;
			files = (
				A7D3DD91221E7FBA0098D706 /* main.swift in Sources */,
				A7C146B822204C1600C0A37F /* BitValueSequencer.swift in Sources */,
				A7C146B4222038D900C0A37F /* ValueSequencer.swift in Sources */,
				A7288324222578F4008E844F /* HexagramSequences.swift in Sources */,
				A7C81C8122251E0900915D22 /* HexagramValueSequencer.swift in Sources */,
				A7A538122225443900E5FE6E /* Sequences.swift in Sources */,
				A7C81C8222251E0900915D22 /* TrigramValueSequencer.swift in Sources */,
				A7C146B6222046F800C0A37F /* LineValueSequencer.swift in Sources */,
			);
			runOnlyForDeploymentPostprocessing = 0;
		};
/* End PBXSourcesBuildPhase section */

/* Begin XCBuildConfiguration section */
		A7D3DD92221E7FBA0098D706 /* Debug */ = {
			isa = XCBuildConfiguration;
			buildSettings = {
				ALWAYS_SEARCH_USER_PATHS = NO;
				CLANG_ANALYZER_NONNULL = YES;
				CLANG_ANALYZER_NUMBER_OBJECT_CONVERSION = YES_AGGRESSIVE;
				CLANG_CXX_LANGUAGE_STANDARD = "gnu++14";
				CLANG_CXX_LIBRARY = "libc++";
				CLANG_ENABLE_MODULES = YES;
				CLANG_ENABLE_OBJC_ARC = YES;
				CLANG_ENABLE_OBJC_WEAK = YES;
				CLANG_WARN_BLOCK_CAPTURE_AUTORELEASING = YES;
				CLANG_WARN_BOOL_CONVERSION = YES;
				CLANG_WARN_COMMA = YES;
				CLANG_WARN_CONSTANT_CONVERSION = YES;
				CLANG_WARN_DEPRECATED_OBJC_IMPLEMENTATIONS = YES;
				CLANG_WARN_DIRECT_OBJC_ISA_USAGE = YES_ERROR;
				CLANG_WARN_DOCUMENTATION_COMMENTS = YES;
				CLANG_WARN_EMPTY_BODY = YES;
				CLANG_WARN_ENUM_CONVERSION = YES;
				CLANG_WARN_INFINITE_RECURSION = YES;
				CLANG_WARN_INT_CONVERSION = YES;
				CLANG_WARN_NON_LITERAL_NULL_CONVERSION = YES;
				CLANG_WARN_OBJC_IMPLICIT_RETAIN_SELF = YES;
				CLANG_WARN_OBJC_LITERAL_CONVERSION = YES;
				CLANG_WARN_OBJC_ROOT_CLASS = YES_ERROR;
				CLANG_WARN_RANGE_LOOP_ANALYSIS = YES;
				CLANG_WARN_STRICT_PROTOTYPES = YES;
				CLANG_WARN_SUSPICIOUS_MOVE = YES;
				CLANG_WARN_UNGUARDED_AVAILABILITY = YES_AGGRESSIVE;
				CLANG_WARN_UNREACHABLE_CODE = YES;
				CLANG_WARN__DUPLICATE_METHOD_MATCH = YES;
				CODE_SIGN_IDENTITY = "-";
				COPY_PHASE_STRIP = NO;
				DEBUG_INFORMATION_FORMAT = dwarf;
				ENABLE_STRICT_OBJC_MSGSEND = YES;
				ENABLE_TESTABILITY = YES;
				GCC_C_LANGUAGE_STANDARD = gnu11;
				GCC_DYNAMIC_NO_PIC = NO;
				GCC_NO_COMMON_BLOCKS = YES;
				GCC_OPTIMIZATION_LEVEL = 0;
				GCC_PREPROCESSOR_DEFINITIONS = (
					"DEBUG=1",
					"$(inherited)",
				);
				GCC_WARN_64_TO_32_BIT_CONVERSION = YES;
				GCC_WARN_ABOUT_RETURN_TYPE = YES_ERROR;
				GCC_WARN_UNDECLARED_SELECTOR = YES;
				GCC_WARN_UNINITIALIZED_AUTOS = YES_AGGRESSIVE;
				GCC_WARN_UNUSED_FUNCTION = YES;
				GCC_WARN_UNUSED_VARIABLE = YES;
				MACOSX_DEPLOYMENT_TARGET = 10.13;
				MTL_ENABLE_DEBUG_INFO = INCLUDE_SOURCE;
				MTL_FAST_MATH = YES;
				ONLY_ACTIVE_ARCH = YES;
				SDKROOT = macosx;
				SWIFT_ACTIVE_COMPILATION_CONDITIONS = DEBUG;
				SWIFT_OPTIMIZATION_LEVEL = "-Onone";
			};
			name = Debug;
		};
		A7D3DD93221E7FBA0098D706 /* Release */ = {
			isa = XCBuildConfiguration;
			buildSettings = {
				ALWAYS_SEARCH_USER_PATHS = NO;
				CLANG_ANALYZER_NONNULL = YES;
				CLANG_ANALYZER_NUMBER_OBJECT_CONVERSION = YES_AGGRESSIVE;
				CLANG_CXX_LANGUAGE_STANDARD = "gnu++14";
				CLANG_CXX_LIBRARY = "libc++";
				CLANG_ENABLE_MODULES = YES;
				CLANG_ENABLE_OBJC_ARC = YES;
				CLANG_ENABLE_OBJC_WEAK = YES;
				CLANG_WARN_BLOCK_CAPTURE_AUTORELEASING = YES;
				CLANG_WARN_BOOL_CONVERSION = YES;
				CLANG_WARN_COMMA = YES;
				CLANG_WARN_CONSTANT_CONVERSION = YES;
				CLANG_WARN_DEPRECATED_OBJC_IMPLEMENTATIONS = YES;
				CLANG_WARN_DIRECT_OBJC_ISA_USAGE = YES_ERROR;
				CLANG_WARN_DOCUMENTATION_COMMENTS = YES;
				CLANG_WARN_EMPTY_BODY = YES;
				CLANG_WARN_ENUM_CONVERSION = YES;
				CLANG_WARN_INFINITE_RECURSION = YES;
				CLANG_WARN_INT_CONVERSION = YES;
				CLANG_WARN_NON_LITERAL_NULL_CONVERSION = YES;
				CLANG_WARN_OBJC_IMPLICIT_RETAIN_SELF = YES;
				CLANG_WARN_OBJC_LITERAL_CONVERSION = YES;
				CLANG_WARN_OBJC_ROOT_CLASS = YES_ERROR;
				CLANG_WARN_RANGE_LOOP_ANALYSIS = YES;
				CLANG_WARN_STRICT_PROTOTYPES = YES;
				CLANG_WARN_SUSPICIOUS_MOVE = YES;
				CLANG_WARN_UNGUARDED_AVAILABILITY = YES_AGGRESSIVE;
				CLANG_WARN_UNREACHABLE_CODE = YES;
				CLANG_WARN__DUPLICATE_METHOD_MATCH = YES;
				CODE_SIGN_IDENTITY = "-";
				COPY_PHASE_STRIP = NO;
				DEBUG_INFORMATION_FORMAT = "dwarf-with-dsym";
				ENABLE_NS_ASSERTIONS = NO;
				ENABLE_STRICT_OBJC_MSGSEND = YES;
				GCC_C_LANGUAGE_STANDARD = gnu11;
				GCC_NO_COMMON_BLOCKS = YES;
				GCC_WARN_64_TO_32_BIT_CONVERSION = YES;
				GCC_WARN_ABOUT_RETURN_TYPE = YES_ERROR;
				GCC_WARN_UNDECLARED_SELECTOR = YES;
				GCC_WARN_UNINITIALIZED_AUTOS = YES_AGGRESSIVE;
				GCC_WARN_UNUSED_FUNCTION = YES;
				GCC_WARN_UNUSED_VARIABLE = YES;
				MACOSX_DEPLOYMENT_TARGET = 10.13;
				MTL_ENABLE_DEBUG_INFO = NO;
				MTL_FAST_MATH = YES;
				SDKROOT = macosx;
				SWIFT_COMPILATION_MODE = wholemodule;
				SWIFT_OPTIMIZATION_LEVEL = "-O";
			};
			name = Release;
		};
		A7D3DD95221E7FBA0098D706 /* Debug */ = {
			isa = XCBuildConfiguration;
			buildSettings = {
				CLANG_USE_OPTIMIZATION_PROFILE = YES;
				CODE_SIGN_STYLE = Automatic;
				PRODUCT_NAME = "$(TARGET_NAME)";
				SWIFT_VERSION = 4.2;
			};
			name = Debug;
		};
		A7D3DD96221E7FBA0098D706 /* Release */ = {
			isa = XCBuildConfiguration;
			buildSettings = {
				CLANG_USE_OPTIMIZATION_PROFILE = YES;
				CODE_SIGN_STYLE = Automatic;
				MTL_ENABLE_DEBUG_INFO = NO;
				PRODUCT_NAME = "$(TARGET_NAME)";
				SWIFT_VERSION = 4.2;
			};
			name = Release;
		};
/* End XCBuildConfiguration section */

/* Begin XCConfigurationList section */
		A7D3DD88221E7FBA0098D706 /* Build configuration list for PBXProject "Swift1" */ = {
			isa = XCConfigurationList;
			buildConfigurations = (
				A7D3DD92221E7FBA0098D706 /* Debug */,
				A7D3DD93221E7FBA0098D706 /* Release */,
			);
			defaultConfigurationIsVisible = 0;
			defaultConfigurationName = Release;
		};
		A7D3DD94221E7FBA0098D706 /* Build configuration list for PBXNativeTarget "Swift1" */ = {
			isa = XCConfigurationList;
			buildConfigurations = (
				A7D3DD95221E7FBA0098D706 /* Debug */,
				A7D3DD96221E7FBA0098D706 /* Release */,
			);
			defaultConfigurationIsVisible = 0;
			defaultConfigurationName = Release;
		};
/* End XCConfigurationList section */
	};
	rootObject = A7D3DD85221E7FBA0098D706 /* Project object */;
}
