Microsoft Visual Studio Solution File, Format Version 12.00
# Visual Studio Version 18
VisualStudioVersion = 18.0.11012.119 d18.0
MinimumVisualStudioVersion = 10.0.40219.1
Project("{9A19103F-16F7-4668-BE54-9A1E7A4F7556}") = "Yijing.maui", "Yijing.maui\Yijing.maui.csproj", "{70636DFC-D762-491C-85F2-0BE9E69E7DA4}"
EndProject
Project("{9A19103F-16F7-4668-BE54-9A1E7A4F7556}") = "ValueSequencer", "ValueSequencer\ValueSequencer.csproj", "{88D7D85D-F0AA-4FE4-A675-09D4FC6B58D4}"
EndProject
Project("{9A19103F-16F7-4668-BE54-9A1E7A4F7556}") = "CortexAccess", "CortexAccess\CortexAccess.csproj", "{A592D762-28DF-4CA7-AD1C-B0C200670D27}"
EndProject
Project("{FAE04EC0-301F-11D3-BF4B-00C04F79EFBC}") = "Yijing.test", "Yijing.test\Yijing.test.csproj", "{45BA1A0A-A817-B8E2-4002-138E3BA8BD1C}"
EndProject
Project("{FAE04EC0-301F-11D3-BF4B-00C04F79EFBC}") = "EegML", "EegML\EegML.csproj", "{5F16855C-1758-88DE-514F-B7E728DF6742}"
EndProject
Project("{FAE04EC0-301F-11D3-BF4B-00C04F79EFBC}") = "Yijing.db", "Yijing.db\Yijing.db.csproj", "{A9C767AD-CECD-B7AC-5A8E-47DAF85C1351}"
EndProject
Project("{FAE04EC0-301F-11D3-BF4B-00C04F79EFBC}") = "Yijing.maui.test", "Yijing.maui.test\Yijing.maui.test.csproj", "{2767AD26-70D8-4289-9FF5-FFF75F5140AF}"
EndProject
Project("{9A19103F-16F7-4668-BE54-9A1E7A4F7556}") = "Yijing.web", "Yijing.web\Yijing.web.csproj", "{A0DE2C8C-DE26-4B80-B6EF-F4E0A7EDD30A}"
EndProject
Project("{FAE04EC0-301F-11D3-BF4B-00C04F79EFBC}") = "SessionDb", "SessionDb\SessionDb.csproj", "{C1C73B8D-FA18-4C73-8E6C-A44695E3E4D6}"
EndProject
Global
	GlobalSection(SolutionConfigurationPlatforms) = preSolution
		Debug|Any CPU = Debug|Any CPU
		Debug|x64 = Debug|x64
		Debug|x86 = Debug|x86
		Release|Any CPU = Release|Any CPU
		Release|x64 = Release|x64
		Release|x86 = Release|x86
	EndGlobalSection
	GlobalSection(ProjectConfigurationPlatforms) = postSolution
		{70636DFC-D762-491C-85F2-0BE9E69E7DA4}.Debug|Any CPU.ActiveCfg = Debug|Any CPU
		{70636DFC-D762-491C-85F2-0BE9E69E7DA4}.Debug|Any CPU.Build.0 = Debug|Any CPU
		{70636DFC-D762-491C-85F2-0BE9E69E7DA4}.Debug|Any CPU.Deploy.0 = Debug|Any CPU
		{70636DFC-D762-491C-85F2-0BE9E69E7DA4}.Debug|x64.ActiveCfg = Debug|Any CPU
		{70636DFC-D762-491C-85F2-0BE9E69E7DA4}.Debug|x64.Build.0 = Debug|Any CPU
		{70636DFC-D762-491C-85F2-0BE9E69E7DA4}.Debug|x64.Deploy.0 = Debug|Any CPU
		{70636DFC-D762-491C-85F2-0BE9E69E7DA4}.Debug|x86.ActiveCfg = Debug|Any CPU
		{70636DFC-D762-491C-85F2-0BE9E69E7DA4}.Debug|x86.Build.0 = Debug|Any CPU
		{70636DFC-D762-491C-85F2-0BE9E69E7DA4}.Debug|x86.Deploy.0 = Debug|Any CPU
		{70636DFC-D762-491C-85F2-0BE9E69E7DA4}.Release|Any CPU.ActiveCfg = Release|Any CPU
		{70636DFC-D762-491C-85F2-0BE9E69E7DA4}.Release|Any CPU.Build.0 = Release|Any CPU
		{70636DFC-D762-491C-85F2-0BE9E69E7DA4}.Release|Any CPU.Deploy.0 = Release|Any CPU
		{70636DFC-D762-491C-85F2-0BE9E69E7DA4}.Release|x64.ActiveCfg = Release|Any CPU
		{70636DFC-D762-491C-85F2-0BE9E69E7DA4}.Release|x64.Build.0 = Release|Any CPU
		{70636DFC-D762-491C-85F2-0BE9E69E7DA4}.Release|x64.Deploy.0 = Release|Any CPU
		{70636DFC-D762-491C-85F2-0BE9E69E7DA4}.Release|x86.ActiveCfg = Release|Any CPU
		{70636DFC-D762-491C-85F2-0BE9E69E7DA4}.Release|x86.Build.0 = Release|Any CPU
		{70636DFC-D762-491C-85F2-0BE9E69E7DA4}.Release|x86.Deploy.0 = Release|Any CPU
		{88D7D85D-F0AA-4FE4-A675-09D4FC6B58D4}.Debug|Any CPU.ActiveCfg = Debug|Any CPU
		{88D7D85D-F0AA-4FE4-A675-09D4FC6B58D4}.Debug|Any CPU.Build.0 = Debug|Any CPU
		{88D7D85D-F0AA-4FE4-A675-09D4FC6B58D4}.Debug|x64.ActiveCfg = Debug|Any CPU
		{88D7D85D-F0AA-4FE4-A675-09D4FC6B58D4}.Debug|x64.Build.0 = Debug|Any CPU
		{88D7D85D-F0AA-4FE4-A675-09D4FC6B58D4}.Debug|x86.ActiveCfg = Debug|Any CPU
		{88D7D85D-F0AA-4FE4-A675-09D4FC6B58D4}.Debug|x86.Build.0 = Debug|Any CPU
		{88D7D85D-F0AA-4FE4-A675-09D4FC6B58D4}.Release|Any CPU.ActiveCfg = Release|Any CPU
		{88D7D85D-F0AA-4FE4-A675-09D4FC6B58D4}.Release|Any CPU.Build.0 = Release|Any CPU
		{88D7D85D-F0AA-4FE4-A675-09D4FC6B58D4}.Release|x64.ActiveCfg = Release|Any CPU
		{88D7D85D-F0AA-4FE4-A675-09D4FC6B58D4}.Release|x64.Build.0 = Release|Any CPU
		{88D7D85D-F0AA-4FE4-A675-09D4FC6B58D4}.Release|x86.ActiveCfg = Release|Any CPU
		{88D7D85D-F0AA-4FE4-A675-09D4FC6B58D4}.Release|x86.Build.0 = Release|Any CPU
		{A592D762-28DF-4CA7-AD1C-B0C200670D27}.Debug|Any CPU.ActiveCfg = Debug|Any CPU
		{A592D762-28DF-4CA7-AD1C-B0C200670D27}.Debug|Any CPU.Build.0 = Debug|Any CPU
		{A592D762-28DF-4CA7-AD1C-B0C200670D27}.Debug|x64.ActiveCfg = Debug|Any CPU
		{A592D762-28DF-4CA7-AD1C-B0C200670D27}.Debug|x64.Build.0 = Debug|Any CPU
		{A592D762-28DF-4CA7-AD1C-B0C200670D27}.Debug|x86.ActiveCfg = Debug|Any CPU
		{A592D762-28DF-4CA7-AD1C-B0C200670D27}.Debug|x86.Build.0 = Debug|Any CPU
		{A592D762-28DF-4CA7-AD1C-B0C200670D27}.Release|Any CPU.ActiveCfg = Release|Any CPU
		{A592D762-28DF-4CA7-AD1C-B0C200670D27}.Release|Any CPU.Build.0 = Release|Any CPU
		{A592D762-28DF-4CA7-AD1C-B0C200670D27}.Release|x64.ActiveCfg = Release|Any CPU
		{A592D762-28DF-4CA7-AD1C-B0C200670D27}.Release|x64.Build.0 = Release|Any CPU
		{A592D762-28DF-4CA7-AD1C-B0C200670D27}.Release|x86.ActiveCfg = Release|Any CPU
		{A592D762-28DF-4CA7-AD1C-B0C200670D27}.Release|x86.Build.0 = Release|Any CPU
		{45BA1A0A-A817-B8E2-4002-138E3BA8BD1C}.Debug|Any CPU.ActiveCfg = Debug|Any CPU
		{45BA1A0A-A817-B8E2-4002-138E3BA8BD1C}.Debug|Any CPU.Build.0 = Debug|Any CPU
		{45BA1A0A-A817-B8E2-4002-138E3BA8BD1C}.Debug|x64.ActiveCfg = Debug|Any CPU
		{45BA1A0A-A817-B8E2-4002-138E3BA8BD1C}.Debug|x64.Build.0 = Debug|Any CPU
		{45BA1A0A-A817-B8E2-4002-138E3BA8BD1C}.Debug|x86.ActiveCfg = Debug|Any CPU
		{45BA1A0A-A817-B8E2-4002-138E3BA8BD1C}.Debug|x86.Build.0 = Debug|Any CPU
		{45BA1A0A-A817-B8E2-4002-138E3BA8BD1C}.Release|Any CPU.ActiveCfg = Release|Any CPU
		{45BA1A0A-A817-B8E2-4002-138E3BA8BD1C}.Release|Any CPU.Build.0 = Release|Any CPU
		{45BA1A0A-A817-B8E2-4002-138E3BA8BD1C}.Release|x64.ActiveCfg = Release|Any CPU
		{45BA1A0A-A817-B8E2-4002-138E3BA8BD1C}.Release|x64.Build.0 = Release|Any CPU
		{45BA1A0A-A817-B8E2-4002-138E3BA8BD1C}.Release|x86.ActiveCfg = Release|Any CPU
		{45BA1A0A-A817-B8E2-4002-138E3BA8BD1C}.Release|x86.Build.0 = Release|Any CPU
		{5F16855C-1758-88DE-514F-B7E728DF6742}.Debug|Any CPU.ActiveCfg = Debug|Any CPU
		{5F16855C-1758-88DE-514F-B7E728DF6742}.Debug|Any CPU.Build.0 = Debug|Any CPU
		{5F16855C-1758-88DE-514F-B7E728DF6742}.Debug|x64.ActiveCfg = Debug|Any CPU
		{5F16855C-1758-88DE-514F-B7E728DF6742}.Debug|x64.Build.0 = Debug|Any CPU
		{5F16855C-1758-88DE-514F-B7E728DF6742}.Debug|x86.ActiveCfg = Debug|Any CPU
		{5F16855C-1758-88DE-514F-B7E728DF6742}.Debug|x86.Build.0 = Debug|Any CPU
		{5F16855C-1758-88DE-514F-B7E728DF6742}.Release|Any CPU.ActiveCfg = Release|Any CPU
		{5F16855C-1758-88DE-514F-B7E728DF6742}.Release|Any CPU.Build.0 = Release|Any CPU
		{5F16855C-1758-88DE-514F-B7E728DF6742}.Release|x64.ActiveCfg = Release|Any CPU
		{5F16855C-1758-88DE-514F-B7E728DF6742}.Release|x64.Build.0 = Release|Any CPU
		{5F16855C-1758-88DE-514F-B7E728DF6742}.Release|x86.ActiveCfg = Release|Any CPU
		{5F16855C-1758-88DE-514F-B7E728DF6742}.Release|x86.Build.0 = Release|Any CPU
		{A9C767AD-CECD-B7AC-5A8E-47DAF85C1351}.Debug|Any CPU.ActiveCfg = Debug|Any CPU
		{A9C767AD-CECD-B7AC-5A8E-47DAF85C1351}.Debug|Any CPU.Build.0 = Debug|Any CPU
		{A9C767AD-CECD-B7AC-5A8E-47DAF85C1351}.Debug|x64.ActiveCfg = Debug|Any CPU
		{A9C767AD-CECD-B7AC-5A8E-47DAF85C1351}.Debug|x64.Build.0 = Debug|Any CPU
		{A9C767AD-CECD-B7AC-5A8E-47DAF85C1351}.Debug|x86.ActiveCfg = Debug|Any CPU
		{A9C767AD-CECD-B7AC-5A8E-47DAF85C1351}.Debug|x86.Build.0 = Debug|Any CPU
		{A9C767AD-CECD-B7AC-5A8E-47DAF85C1351}.Release|Any CPU.ActiveCfg = Release|Any CPU
		{A9C767AD-CECD-B7AC-5A8E-47DAF85C1351}.Release|Any CPU.Build.0 = Release|Any CPU
		{A9C767AD-CECD-B7AC-5A8E-47DAF85C1351}.Release|x64.ActiveCfg = Release|Any CPU
		{A9C767AD-CECD-B7AC-5A8E-47DAF85C1351}.Release|x64.Build.0 = Release|Any CPU
		{A9C767AD-CECD-B7AC-5A8E-47DAF85C1351}.Release|x86.ActiveCfg = Release|Any CPU
		{A9C767AD-CECD-B7AC-5A8E-47DAF85C1351}.Release|x86.Build.0 = Release|Any CPU
		{2767AD26-70D8-4289-9FF5-FFF75F5140AF}.Debug|Any CPU.ActiveCfg = Debug|Any CPU
		{2767AD26-70D8-4289-9FF5-FFF75F5140AF}.Debug|Any CPU.Build.0 = Debug|Any CPU
		{2767AD26-70D8-4289-9FF5-FFF75F5140AF}.Debug|x64.ActiveCfg = Debug|Any CPU
		{2767AD26-70D8-4289-9FF5-FFF75F5140AF}.Debug|x64.Build.0 = Debug|Any CPU
		{2767AD26-70D8-4289-9FF5-FFF75F5140AF}.Debug|x86.ActiveCfg = Debug|Any CPU
		{2767AD26-70D8-4289-9FF5-FFF75F5140AF}.Debug|x86.Build.0 = Debug|Any CPU
		{2767AD26-70D8-4289-9FF5-FFF75F5140AF}.Release|Any CPU.ActiveCfg = Release|Any CPU
		{2767AD26-70D8-4289-9FF5-FFF75F5140AF}.Release|Any CPU.Build.0 = Release|Any CPU
		{2767AD26-70D8-4289-9FF5-FFF75F5140AF}.Release|x64.ActiveCfg = Release|Any CPU
		{2767AD26-70D8-4289-9FF5-FFF75F5140AF}.Release|x64.Build.0 = Release|Any CPU
		{2767AD26-70D8-4289-9FF5-FFF75F5140AF}.Release|x86.ActiveCfg = Release|Any CPU
		{2767AD26-70D8-4289-9FF5-FFF75F5140AF}.Release|x86.Build.0 = Release|Any CPU
		{A0DE2C8C-DE26-4B80-B6EF-F4E0A7EDD30A}.Debug|Any CPU.ActiveCfg = Debug|Any CPU
		{A0DE2C8C-DE26-4B80-B6EF-F4E0A7EDD30A}.Debug|Any CPU.Build.0 = Debug|Any CPU
		{A0DE2C8C-DE26-4B80-B6EF-F4E0A7EDD30A}.Debug|x64.ActiveCfg = Debug|Any CPU
		{A0DE2C8C-DE26-4B80-B6EF-F4E0A7EDD30A}.Debug|x64.Build.0 = Debug|Any CPU
		{A0DE2C8C-DE26-4B80-B6EF-F4E0A7EDD30A}.Debug|x86.ActiveCfg = Debug|Any CPU
		{A0DE2C8C-DE26-4B80-B6EF-F4E0A7EDD30A}.Debug|x86.Build.0 = Debug|Any CPU
		{A0DE2C8C-DE26-4B80-B6EF-F4E0A7EDD30A}.Release|Any CPU.ActiveCfg = Release|Any CPU
		{A0DE2C8C-DE26-4B80-B6EF-F4E0A7EDD30A}.Release|Any CPU.Build.0 = Release|Any CPU
		{A0DE2C8C-DE26-4B80-B6EF-F4E0A7EDD30A}.Release|x64.ActiveCfg = Release|Any CPU
		{A0DE2C8C-DE26-4B80-B6EF-F4E0A7EDD30A}.Release|x64.Build.0 = Release|Any CPU
                {A0DE2C8C-DE26-4B80-B6EF-F4E0A7EDD30A}.Release|x86.ActiveCfg = Release|Any CPU
                {A0DE2C8C-DE26-4B80-B6EF-F4E0A7EDD30A}.Release|x86.Build.0 = Release|Any CPU
                {C1C73B8D-FA18-4C73-8E6C-A44695E3E4D6}.Debug|Any CPU.ActiveCfg = Debug|Any CPU
                {C1C73B8D-FA18-4C73-8E6C-A44695E3E4D6}.Debug|Any CPU.Build.0 = Debug|Any CPU
                {C1C73B8D-FA18-4C73-8E6C-A44695E3E4D6}.Debug|x64.ActiveCfg = Debug|Any CPU
                {C1C73B8D-FA18-4C73-8E6C-A44695E3E4D6}.Debug|x64.Build.0 = Debug|Any CPU
                {C1C73B8D-FA18-4C73-8E6C-A44695E3E4D6}.Debug|x86.ActiveCfg = Debug|Any CPU
                {C1C73B8D-FA18-4C73-8E6C-A44695E3E4D6}.Debug|x86.Build.0 = Debug|Any CPU
                {C1C73B8D-FA18-4C73-8E6C-A44695E3E4D6}.Release|Any CPU.ActiveCfg = Release|Any CPU
                {C1C73B8D-FA18-4C73-8E6C-A44695E3E4D6}.Release|Any CPU.Build.0 = Release|Any CPU
                {C1C73B8D-FA18-4C73-8E6C-A44695E3E4D6}.Release|x64.ActiveCfg = Release|Any CPU
                {C1C73B8D-FA18-4C73-8E6C-A44695E3E4D6}.Release|x64.Build.0 = Release|Any CPU
                {C1C73B8D-FA18-4C73-8E6C-A44695E3E4D6}.Release|x86.ActiveCfg = Release|Any CPU
                {C1C73B8D-FA18-4C73-8E6C-A44695E3E4D6}.Release|x86.Build.0 = Release|Any CPU
        EndGlobalSection
	GlobalSection(SolutionProperties) = preSolution
		HideSolutionNode = FALSE
	EndGlobalSection
	GlobalSection(ExtensibilityGlobals) = postSolution
		SolutionGuid = {235CEE45-F777-4EF0-99ED-9467B07D9CDC}
	EndGlobalSection
EndGlobal
