Microsoft Visual Studio Solution File, Format Version 12.00
# Visual Studio 15
VisualStudioVersion = 15.0.26430.4
MinimumVisualStudioVersion = 10.0.40219.1
Project("{FAE04EC0-301F-11D3-BF4B-00C04F79EFBC}") = "Yijing.w10", "Yijing.w10\Yijing.w10.csproj", "{F7EEC27F-C915-4666-8ACB-169E01EB85AF}"
EndProject
Project("{9A19103F-16F7-4668-BE54-9A1E7A4F7556}") = "ValueSequencer", "ValueSequencer\ValueSequencer.csproj", "{A7C085EA-667A-40CF-AEFF-C79F01D9EE6B}"
EndProject
Global
	GlobalSection(SolutionConfigurationPlatforms) = preSolution
		Debug|Any CPU = Debug|Any CPU
		Debug|ARM = Debug|ARM
		Debug|x64 = Debug|x64
		Debug|x86 = Debug|x86
		Release|Any CPU = Release|Any CPU
		Release|ARM = Release|ARM
		Release|x64 = Release|x64
		Release|x86 = Release|x86
	EndGlobalSection
	GlobalSection(ProjectConfigurationPlatforms) = postSolution
		{F7EEC27F-C915-4666-8ACB-169E01EB85AF}.Debug|Any CPU.ActiveCfg = Debug|x86
		{F7EEC27F-C915-4666-8ACB-169E01EB85AF}.Debug|Any CPU.Build.0 = Debug|x86
		{F7EEC27F-C915-4666-8ACB-169E01EB85AF}.Debug|Any CPU.Deploy.0 = Debug|x86
		{F7EEC27F-C915-4666-8ACB-169E01EB85AF}.Debug|ARM.ActiveCfg = Debug|ARM
		{F7EEC27F-C915-4666-8ACB-169E01EB85AF}.Debug|ARM.Build.0 = Debug|ARM
		{F7EEC27F-C915-4666-8ACB-169E01EB85AF}.Debug|ARM.Deploy.0 = Debug|ARM
		{F7EEC27F-C915-4666-8ACB-169E01EB85AF}.Debug|x64.ActiveCfg = Debug|x64
		{F7EEC27F-C915-4666-8ACB-169E01EB85AF}.Debug|x64.Build.0 = Debug|x64
		{F7EEC27F-C915-4666-8ACB-169E01EB85AF}.Debug|x64.Deploy.0 = Debug|x64
		{F7EEC27F-C915-4666-8ACB-169E01EB85AF}.Debug|x86.ActiveCfg = Debug|x86
		{F7EEC27F-C915-4666-8ACB-169E01EB85AF}.Debug|x86.Build.0 = Debug|x86
		{F7EEC27F-C915-4666-8ACB-169E01EB85AF}.Debug|x86.Deploy.0 = Debug|x86
		{F7EEC27F-C915-4666-8ACB-169E01EB85AF}.Release|Any CPU.ActiveCfg = Release|x86
		{F7EEC27F-C915-4666-8ACB-169E01EB85AF}.Release|ARM.ActiveCfg = Release|ARM
		{F7EEC27F-C915-4666-8ACB-169E01EB85AF}.Release|ARM.Build.0 = Release|ARM
		{F7EEC27F-C915-4666-8ACB-169E01EB85AF}.Release|ARM.Deploy.0 = Release|ARM
		{F7EEC27F-C915-4666-8ACB-169E01EB85AF}.Release|x64.ActiveCfg = Release|x64
		{F7EEC27F-C915-4666-8ACB-169E01EB85AF}.Release|x64.Build.0 = Release|x64
		{F7EEC27F-C915-4666-8ACB-169E01EB85AF}.Release|x64.Deploy.0 = Release|x64
		{F7EEC27F-C915-4666-8ACB-169E01EB85AF}.Release|x86.ActiveCfg = Release|x86
		{F7EEC27F-C915-4666-8ACB-169E01EB85AF}.Release|x86.Build.0 = Release|x86
		{F7EEC27F-C915-4666-8ACB-169E01EB85AF}.Release|x86.Deploy.0 = Release|x86
		{A7C085EA-667A-40CF-AEFF-C79F01D9EE6B}.Debug|Any CPU.ActiveCfg = Debug|Any CPU
		{A7C085EA-667A-40CF-AEFF-C79F01D9EE6B}.Debug|Any CPU.Build.0 = Debug|Any CPU
		{A7C085EA-667A-40CF-AEFF-C79F01D9EE6B}.Debug|ARM.ActiveCfg = Debug|Any CPU
		{A7C085EA-667A-40CF-AEFF-C79F01D9EE6B}.Debug|ARM.Build.0 = Debug|Any CPU
		{A7C085EA-667A-40CF-AEFF-C79F01D9EE6B}.Debug|x64.ActiveCfg = Debug|Any CPU
		{A7C085EA-667A-40CF-AEFF-C79F01D9EE6B}.Debug|x64.Build.0 = Debug|Any CPU
		{A7C085EA-667A-40CF-AEFF-C79F01D9EE6B}.Debug|x86.ActiveCfg = Debug|Any CPU
		{A7C085EA-667A-40CF-AEFF-C79F01D9EE6B}.Debug|x86.Build.0 = Debug|Any CPU
		{A7C085EA-667A-40CF-AEFF-C79F01D9EE6B}.Release|Any CPU.ActiveCfg = Release|Any CPU
		{A7C085EA-667A-40CF-AEFF-C79F01D9EE6B}.Release|Any CPU.Build.0 = Release|Any CPU
		{A7C085EA-667A-40CF-AEFF-C79F01D9EE6B}.Release|ARM.ActiveCfg = Release|Any CPU
		{A7C085EA-667A-40CF-AEFF-C79F01D9EE6B}.Release|ARM.Build.0 = Release|Any CPU
		{A7C085EA-667A-40CF-AEFF-C79F01D9EE6B}.Release|x64.ActiveCfg = Release|Any CPU
		{A7C085EA-667A-40CF-AEFF-C79F01D9EE6B}.Release|x64.Build.0 = Release|Any CPU
		{A7C085EA-667A-40CF-AEFF-C79F01D9EE6B}.Release|x86.ActiveCfg = Release|Any CPU
		{A7C085EA-667A-40CF-AEFF-C79F01D9EE6B}.Release|x86.Build.0 = Release|Any CPU
	EndGlobalSection
	GlobalSection(SolutionProperties) = preSolution
		HideSolutionNode = FALSE
	EndGlobalSection
	GlobalSection(ExtensibilityGlobals) = postSolution
		SolutionGuid = {991C384A-B169-40FB-8CB3-6E794077612D}
	EndGlobalSection
EndGlobal
