Microsoft Visual Studio Solution File, Format Version 12.00
# Visual Studio Version 17
VisualStudioVersion = 17.8.34316.72
MinimumVisualStudioVersion = 10.0.40219.1
Project("{9A19103F-16F7-4668-BE54-9A1E7A4F7556}") = "Yijing.maui", "Yijing.maui\Yijing.maui.csproj", "{70636DFC-D762-491C-85F2-0BE9E69E7DA4}"
EndProject
Project("{9A19103F-16F7-4668-BE54-9A1E7A4F7556}") = "ValueSequencer", "ValueSequencer\ValueSequencer.csproj", "{88D7D85D-F0AA-4FE4-A675-09D4FC6B58D4}"
EndProject
Project("{9A19103F-16F7-4668-BE54-9A1E7A4F7556}") = "CortexAccess", "CortexAccess\CortexAccess.csproj", "{A592D762-28DF-4CA7-AD1C-B0C200670D27}"
EndProject
Project("{FAE04EC0-301F-11D3-BF4B-00C04F79EFBC}") = "Yijing.test", "Yijing.test\Yijing.test.csproj", "{45BA1A0A-A817-B8E2-4002-138E3BA8BD1C}"
EndProject
Global
	GlobalSection(SolutionConfigurationPlatforms) = preSolution
		Debug|Any CPU = Debug|Any CPU
		Debug|x64 = Debug|x64
		Debug|x86 = Debug|x86
		Release|Any CPU = Release|Any CPU
		Release|x64 = Release|x64
		Release|x86 = Release|x86
	EndGlobalSection
	GlobalSection(ProjectConfigurationPlatforms) = postSolution
		{70636DFC-D762-491C-85F2-0BE9E69E7DA4}.Debug|Any CPU.ActiveCfg = Debug|Any CPU
		{70636DFC-D762-491C-85F2-0BE9E69E7DA4}.Debug|Any CPU.Build.0 = Debug|Any CPU
		{70636DFC-D762-491C-85F2-0BE9E69E7DA4}.Debug|Any CPU.Deploy.0 = Debug|Any CPU
		{70636DFC-D762-491C-85F2-0BE9E69E7DA4}.Debug|x64.ActiveCfg = Debug|Any CPU
		{70636DFC-D762-491C-85F2-0BE9E69E7DA4}.Debug|x64.Build.0 = Debug|Any CPU
		{70636DFC-D762-491C-85F2-0BE9E69E7DA4}.Debug|x64.Deploy.0 = Debug|Any CPU
		{70636DFC-D762-491C-85F2-0BE9E69E7DA4}.Debug|x86.ActiveCfg = Debug|Any CPU
		{70636DFC-D762-491C-85F2-0BE9E69E7DA4}.Debug|x86.Build.0 = Debug|Any CPU
		{70636DFC-D762-491C-85F2-0BE9E69E7DA4}.Debug|x86.Deploy.0 = Debug|Any CPU
		{70636DFC-D762-491C-85F2-0BE9E69E7DA4}.Release|Any CPU.ActiveCfg = Release|Any CPU
		{70636DFC-D762-491C-85F2-0BE9E69E7DA4}.Release|Any CPU.Build.0 = Release|Any CPU
		{70636DFC-D762-491C-85F2-0BE9E69E7DA4}.Release|Any CPU.Deploy.0 = Release|Any CPU
		{70636DFC-D762-491C-85F2-0BE9E69E7DA4}.Release|x64.ActiveCfg = Release|Any CPU
		{70636DFC-D762-491C-85F2-0BE9E69E7DA4}.Release|x64.Build.0 = Release|Any CPU
		{70636DFC-D762-491C-85F2-0BE9E69E7DA4}.Release|x64.Deploy.0 = Release|Any CPU
		{70636DFC-D762-491C-85F2-0BE9E69E7DA4}.Release|x86.ActiveCfg = Release|Any CPU
		{70636DFC-D762-491C-85F2-0BE9E69E7DA4}.Release|x86.Build.0 = Release|Any CPU
		{70636DFC-D762-491C-85F2-0BE9E69E7DA4}.Release|x86.Deploy.0 = Release|Any CPU
		{88D7D85D-F0AA-4FE4-A675-09D4FC6B58D4}.Debug|Any CPU.ActiveCfg = Debug|Any CPU
		{88D7D85D-F0AA-4FE4-A675-09D4FC6B58D4}.Debug|Any CPU.Build.0 = Debug|Any CPU
		{88D7D85D-F0AA-4FE4-A675-09D4FC6B58D4}.Debug|x64.ActiveCfg = Debug|Any CPU
		{88D7D85D-F0AA-4FE4-A675-09D4FC6B58D4}.Debug|x64.Build.0 = Debug|Any CPU
		{88D7D85D-F0AA-4FE4-A675-09D4FC6B58D4}.Debug|x86.ActiveCfg = Debug|Any CPU
		{88D7D85D-F0AA-4FE4-A675-09D4FC6B58D4}.Debug|x86.Build.0 = Debug|Any CPU
		{88D7D85D-F0AA-4FE4-A675-09D4FC6B58D4}.Release|Any CPU.ActiveCfg = Release|Any CPU
		{88D7D85D-F0AA-4FE4-A675-09D4FC6B58D4}.Release|Any CPU.Build.0 = Release|Any CPU
		{88D7D85D-F0AA-4FE4-A675-09D4FC6B58D4}.Release|x64.ActiveCfg = Release|Any CPU
		{88D7D85D-F0AA-4FE4-A675-09D4FC6B58D4}.Release|x64.Build.0 = Release|Any CPU
		{88D7D85D-F0AA-4FE4-A675-09D4FC6B58D4}.Release|x86.ActiveCfg = Release|Any CPU
		{88D7D85D-F0AA-4FE4-A675-09D4FC6B58D4}.Release|x86.Build.0 = Release|Any CPU
		{A592D762-28DF-4CA7-AD1C-B0C200670D27}.Debug|Any CPU.ActiveCfg = Debug|Any CPU
		{A592D762-28DF-4CA7-AD1C-B0C200670D27}.Debug|Any CPU.Build.0 = Debug|Any CPU
		{A592D762-28DF-4CA7-AD1C-B0C200670D27}.Debug|x64.ActiveCfg = Debug|Any CPU
		{A592D762-28DF-4CA7-AD1C-B0C200670D27}.Debug|x64.Build.0 = Debug|Any CPU
		{A592D762-28DF-4CA7-AD1C-B0C200670D27}.Debug|x86.ActiveCfg = Debug|Any CPU
		{A592D762-28DF-4CA7-AD1C-B0C200670D27}.Debug|x86.Build.0 = Debug|Any CPU
		{A592D762-28DF-4CA7-AD1C-B0C200670D27}.Release|Any CPU.ActiveCfg = Release|Any CPU
		{A592D762-28DF-4CA7-AD1C-B0C200670D27}.Release|Any CPU.Build.0 = Release|Any CPU
		{A592D762-28DF-4CA7-AD1C-B0C200670D27}.Release|x64.ActiveCfg = Release|Any CPU
		{A592D762-28DF-4CA7-AD1C-B0C200670D27}.Release|x64.Build.0 = Release|Any CPU
		{A592D762-28DF-4CA7-AD1C-B0C200670D27}.Release|x86.ActiveCfg = Release|Any CPU
		{A592D762-28DF-4CA7-AD1C-B0C200670D27}.Release|x86.Build.0 = Release|Any CPU
		{45BA1A0A-A817-B8E2-4002-138E3BA8BD1C}.Debug|Any CPU.ActiveCfg = Debug|Any CPU
		{45BA1A0A-A817-B8E2-4002-138E3BA8BD1C}.Debug|Any CPU.Build.0 = Debug|Any CPU
		{45BA1A0A-A817-B8E2-4002-138E3BA8BD1C}.Debug|x64.ActiveCfg = Debug|Any CPU
		{45BA1A0A-A817-B8E2-4002-138E3BA8BD1C}.Debug|x64.Build.0 = Debug|Any CPU
		{45BA1A0A-A817-B8E2-4002-138E3BA8BD1C}.Debug|x86.ActiveCfg = Debug|Any CPU
		{45BA1A0A-A817-B8E2-4002-138E3BA8BD1C}.Debug|x86.Build.0 = Debug|Any CPU
		{45BA1A0A-A817-B8E2-4002-138E3BA8BD1C}.Release|Any CPU.ActiveCfg = Release|Any CPU
		{45BA1A0A-A817-B8E2-4002-138E3BA8BD1C}.Release|Any CPU.Build.0 = Release|Any CPU
		{45BA1A0A-A817-B8E2-4002-138E3BA8BD1C}.Release|x64.ActiveCfg = Release|Any CPU
		{45BA1A0A-A817-B8E2-4002-138E3BA8BD1C}.Release|x64.Build.0 = Release|Any CPU
		{45BA1A0A-A817-B8E2-4002-138E3BA8BD1C}.Release|x86.ActiveCfg = Release|Any CPU
		{45BA1A0A-A817-B8E2-4002-138E3BA8BD1C}.Release|x86.Build.0 = Release|Any CPU
	EndGlobalSection
	GlobalSection(SolutionProperties) = preSolution
		HideSolutionNode = FALSE
	EndGlobalSection
	GlobalSection(ExtensibilityGlobals) = postSolution
		SolutionGuid = {235CEE45-F777-4EF0-99ED-9467B07D9CDC}
	EndGlobalSection
EndGlobal
